
Microsoft Visual Studio Solution File, Format Version 12.00
# Visual Studio 2013
VisualStudioVersion = 12.0.31101.0
MinimumVisualStudioVersion = 10.0.40219.1
Project("{FAE04EC0-301F-11D3-BF4B-00C04F79EFBC}") = "1Problem2-4-8", "1Problem2-4-8\1Problem2-4-8.csproj", "{3259848A-BAC2-4A4F-ADE9-E59F6854E73F}"
EndProject
Project("{FAE04EC0-301F-11D3-BF4B-00C04F79EFBC}") = "2NightmareOnCodeStreet", "2NightmareOnCodeStreet\2NightmareOnCodeStreet.csproj", "{A6600F82-1ED3-48EE-B53E-2CB3EFDBD1E7}"
EndProject
Project("{FAE04EC0-301F-11D3-BF4B-00C04F79EFBC}") = "3Enigmanation", "3Enigmanation\3Enigmanation.csproj", "{22F825DB-E9E3-4D61-9E6A-E38C9C1B56D5}"
EndProject
Project("{FAE04EC0-301F-11D3-BF4B-00C04F79EFBC}") = "4KaspichaniaBoats", "4KaspichaniaBoats\4KaspichaniaBoats.csproj", "{3B4BFF1C-AF1B-4ADB-BD53-CBCE416D170A}"
EndProject
Project("{FAE04EC0-301F-11D3-BF4B-00C04F79EFBC}") = "5GameOfPage", "5GameOfPage\5GameOfPage.csproj", "{6F3BC5EC-CFD9-45F2-9D02-F872133BC7EC}"
EndProject
Global
	GlobalSection(SolutionConfigurationPlatforms) = preSolution
		Debug|Any CPU = Debug|Any CPU
		Release|Any CPU = Release|Any CPU
	EndGlobalSection
	GlobalSection(ProjectConfigurationPlatforms) = postSolution
		{3259848A-BAC2-4A4F-ADE9-E59F6854E73F}.Debug|Any CPU.ActiveCfg = Debug|Any CPU
		{3259848A-BAC2-4A4F-ADE9-E59F6854E73F}.Debug|Any CPU.Build.0 = Debug|Any CPU
		{3259848A-BAC2-4A4F-ADE9-E59F6854E73F}.Release|Any CPU.ActiveCfg = Release|Any CPU
		{3259848A-BAC2-4A4F-ADE9-E59F6854E73F}.Release|Any CPU.Build.0 = Release|Any CPU
		{A6600F82-1ED3-48EE-B53E-2CB3EFDBD1E7}.Debug|Any CPU.ActiveCfg = Debug|Any CPU
		{A6600F82-1ED3-48EE-B53E-2CB3EFDBD1E7}.Debug|Any CPU.Build.0 = Debug|Any CPU
		{A6600F82-1ED3-48EE-B53E-2CB3EFDBD1E7}.Release|Any CPU.ActiveCfg = Release|Any CPU
		{A6600F82-1ED3-48EE-B53E-2CB3EFDBD1E7}.Release|Any CPU.Build.0 = Release|Any CPU
		{22F825DB-E9E3-4D61-9E6A-E38C9C1B56D5}.Debug|Any CPU.ActiveCfg = Debug|Any CPU
		{22F825DB-E9E3-4D61-9E6A-E38C9C1B56D5}.Debug|Any CPU.Build.0 = Debug|Any CPU
		{22F825DB-E9E3-4D61-9E6A-E38C9C1B56D5}.Release|Any CPU.ActiveCfg = Release|Any CPU
		{22F825DB-E9E3-4D61-9E6A-E38C9C1B56D5}.Release|Any CPU.Build.0 = Release|Any CPU
		{3B4BFF1C-AF1B-4ADB-BD53-CBCE416D170A}.Debug|Any CPU.ActiveCfg = Debug|Any CPU
		{3B4BFF1C-AF1B-4ADB-BD53-CBCE416D170A}.Debug|Any CPU.Build.0 = Debug|Any CPU
		{3B4BFF1C-AF1B-4ADB-BD53-CBCE416D170A}.Release|Any CPU.ActiveCfg = Release|Any CPU
		{3B4BFF1C-AF1B-4ADB-BD53-CBCE416D170A}.Release|Any CPU.Build.0 = Release|Any CPU
		{6F3BC5EC-CFD9-45F2-9D02-F872133BC7EC}.Debug|Any CPU.ActiveCfg = Debug|Any CPU
		{6F3BC5EC-CFD9-45F2-9D02-F872133BC7EC}.Debug|Any CPU.Build.0 = Debug|Any CPU
		{6F3BC5EC-CFD9-45F2-9D02-F872133BC7EC}.Release|Any CPU.ActiveCfg = Release|Any CPU
		{6F3BC5EC-CFD9-45F2-9D02-F872133BC7EC}.Release|Any CPU.Build.0 = Release|Any CPU
	EndGlobalSection
	GlobalSection(SolutionProperties) = preSolution
		HideSolutionNode = FALSE
	EndGlobalSection
EndGlobal
