
Microsoft Visual Studio Solution File, Format Version 12.00
# Visual Studio 2013
VisualStudioVersion = 12.0.31101.0
MinimumVisualStudioVersion = 10.0.40219.1
Project("{FAE04EC0-301F-11D3-BF4B-00C04F79EFBC}") = "1Money", "Problem1\1Money.csproj", "{DD6BC6CA-0DEB-4077-A03D-E3A7A92C4E3C}"
EndProject
Project("{FAE04EC0-301F-11D3-BF4B-00C04F79EFBC}") = "2EncodingSum", "2EncodingSum\2EncodingSum.csproj", "{4377A838-2213-4677-833B-60E9935080DC}"
EndProject
Project("{FAE04EC0-301F-11D3-BF4B-00C04F79EFBC}") = "3Maslan", "3Maslan\3Maslan.csproj", "{61FA78B4-CDCB-4CF2-9D73-598F662C9CC7}"
EndProject
Project("{FAE04EC0-301F-11D3-BF4B-00C04F79EFBC}") = "4Cube3D", "4Cube3D\4Cube3D.csproj", "{B5E2230A-8E2B-43BB-B53A-09CD0407B01F}"
EndProject
Project("{FAE04EC0-301F-11D3-BF4B-00C04F79EFBC}") = "4SequencesOfBits", "4SequencesOfBits\4SequencesOfBits.csproj", "{1B8435C5-4116-47ED-AA4F-794F207EF8B6}"
EndProject
Global
	GlobalSection(SolutionConfigurationPlatforms) = preSolution
		Debug|Any CPU = Debug|Any CPU
		Release|Any CPU = Release|Any CPU
	EndGlobalSection
	GlobalSection(ProjectConfigurationPlatforms) = postSolution
		{DD6BC6CA-0DEB-4077-A03D-E3A7A92C4E3C}.Debug|Any CPU.ActiveCfg = Debug|Any CPU
		{DD6BC6CA-0DEB-4077-A03D-E3A7A92C4E3C}.Debug|Any CPU.Build.0 = Debug|Any CPU
		{DD6BC6CA-0DEB-4077-A03D-E3A7A92C4E3C}.Release|Any CPU.ActiveCfg = Release|Any CPU
		{DD6BC6CA-0DEB-4077-A03D-E3A7A92C4E3C}.Release|Any CPU.Build.0 = Release|Any CPU
		{4377A838-2213-4677-833B-60E9935080DC}.Debug|Any CPU.ActiveCfg = Debug|Any CPU
		{4377A838-2213-4677-833B-60E9935080DC}.Debug|Any CPU.Build.0 = Debug|Any CPU
		{4377A838-2213-4677-833B-60E9935080DC}.Release|Any CPU.ActiveCfg = Release|Any CPU
		{4377A838-2213-4677-833B-60E9935080DC}.Release|Any CPU.Build.0 = Release|Any CPU
		{61FA78B4-CDCB-4CF2-9D73-598F662C9CC7}.Debug|Any CPU.ActiveCfg = Debug|Any CPU
		{61FA78B4-CDCB-4CF2-9D73-598F662C9CC7}.Debug|Any CPU.Build.0 = Debug|Any CPU
		{61FA78B4-CDCB-4CF2-9D73-598F662C9CC7}.Release|Any CPU.ActiveCfg = Release|Any CPU
		{61FA78B4-CDCB-4CF2-9D73-598F662C9CC7}.Release|Any CPU.Build.0 = Release|Any CPU
		{B5E2230A-8E2B-43BB-B53A-09CD0407B01F}.Debug|Any CPU.ActiveCfg = Debug|Any CPU
		{B5E2230A-8E2B-43BB-B53A-09CD0407B01F}.Debug|Any CPU.Build.0 = Debug|Any CPU
		{B5E2230A-8E2B-43BB-B53A-09CD0407B01F}.Release|Any CPU.ActiveCfg = Release|Any CPU
		{B5E2230A-8E2B-43BB-B53A-09CD0407B01F}.Release|Any CPU.Build.0 = Release|Any CPU
		{1B8435C5-4116-47ED-AA4F-794F207EF8B6}.Debug|Any CPU.ActiveCfg = Debug|Any CPU
		{1B8435C5-4116-47ED-AA4F-794F207EF8B6}.Debug|Any CPU.Build.0 = Debug|Any CPU
		{1B8435C5-4116-47ED-AA4F-794F207EF8B6}.Release|Any CPU.ActiveCfg = Release|Any CPU
		{1B8435C5-4116-47ED-AA4F-794F207EF8B6}.Release|Any CPU.Build.0 = Release|Any CPU
	EndGlobalSection
	GlobalSection(SolutionProperties) = preSolution
		HideSolutionNode = FALSE
	EndGlobalSection
EndGlobal
